# This file was autogenerated by Stack.
# You should not edit this file by hand.
# For more information, please see the documentation at:
#   https://docs.haskellstack.org/en/stable/lock_files

packages:
- completed:
    hackage: combinat-0.2.9.0@sha256:3daed23a2376f8d9903dc2c1c3758f1f2a0527178c81023080507e5f5ddf5b7a,5107
    pantry-tree:
      size: 4818
      sha256: 7c14bb4cc6cb0b2d6f14ae8265241966fe6c2e07827d18acad8de1bdc1ba8540
  original:
    hackage: combinat-0.2.9.0
- completed:
    hackage: megaparsec-9.0.1@sha256:b0d7cd8843af2687b1a5a4add523836c782c400a375e4d7b6989a827b5605ac6,3117
    pantry-tree:
      size: 1447
      sha256: 9ea2dcce3affdb192ad460d4e5311a5cd2ece070d331f1edae9302b9302988be
  original:
    hackage: megaparsec-9.0.1
- completed:
    hackage: parser-combinators-1.2.1@sha256:16c3490e007ec10b1255a2b36fb483d000156d555269107131241d9e0fa96412,1788
    pantry-tree:
      size: 725
      sha256: 7b7cc6bb088f536691c4088ac6abe9f4dd0399feffc26bdb2cbec695f7259737
  original:
    hackage: parser-combinators-1.2.1
- completed:
    hackage: unordered-containers-0.2.13.0@sha256:6310c636f92ed4908fdd0de582b6be31c2851c7b5f2ec14e9f416eb94df7a078,4978
    pantry-tree:
      size: 1388
      sha256: 0cdd70d603c621e2b184ff7baa232af8a88a01745710b975b97df63e92c700dd
  original:
    hackage: unordered-containers-0.2.13.0
- completed:
    hackage: data-memocombinators-0.5.1@sha256:bf7f56cf280a6e6d7a0958a8f7c23b4c23f26e56e5ada320cdf5b0ec49634800,486
    pantry-tree:
      size: 251
      sha256: 96848e2a3a704c4a46b473b603804309441bee3e35b79fd809b50fb47d1728b4
  original:
    hackage: data-memocombinators-0.5.1
- completed:
    hackage: ghc-exactprint-0.6.3.3@sha256:384e1066c192ed60dc12443b7aca75a4a4adcc47f829336c21ed007596fe683f,9446
    pantry-tree:
      size: 86248
      sha256: c43b6e600634f5d5df2feb69e27e745fff25fe60503a30d3e5c86428882b686f
  original:
    hackage: ghc-exactprint-0.6.3.3
- completed:
    hackage: prettyprinter-1.7.0@sha256:6a9569e21fa61163a7f066d23d701e23e917893e8f39733d6e617ec72787ae5f,6007
    pantry-tree:
      size: 3194
      sha256: d22f820a1f63497f7fd7e1f04b7d356d92de35582258f6ad55428c88b09e63ff
  original:
    hackage: prettyprinter-1.7.0
- completed:
    hackage: unliftio-core-0.1.2.0@sha256:7f9b48adef8e36da0202e6e70a733a5e210263ed4177c93e47a4b3f89694194b,1081
    pantry-tree:
      size: 328
      sha256: 72be5813b35ba78db99459fb73a553a58b95a393005fdffb96eec3c1244f90c4
  original:
    hackage: unliftio-core-0.1.2.0
snapshots:
- completed:
    size: 532835
    url: https://raw.githubusercontent.com/commercialhaskell/stackage-snapshots/master/lts/16/24.yaml
    sha256: cf2b52420b2262fe9cf0f6744929120131abd6675b1c3fb2d8b155a47f80d103
  original:
    url: https://raw.githubusercontent.com/commercialhaskell/stackage-snapshots/master/lts/16/24.yaml
